
Microsoft Visual Studio Solution File, Format Version 12.00
# Visual Studio 14
VisualStudioVersion = 14.0.25123.0
MinimumVisualStudioVersion = 10.0.40219.1
Project("{FAE04EC0-301F-11D3-BF4B-00C04F79EFBC}") = "AlgorithmsWebApp", "AlgorithmsWebApp\AlgorithmsWebApp.csproj", "{A9F96B1C-CDDE-4307-8E47-3F0E6DDCE48B}"
EndProject
Project("{FAE04EC0-301F-11D3-BF4B-00C04F79EFBC}") = "AlgorithmsWebApp.Tests", "AlgorithmsWebApp.Tests\AlgorithmsWebApp.Tests.csproj", "{B5E45C35-BD93-4FB0-8495-B7B05EDE4D9D}"
EndProject
Global
	GlobalSection(SolutionConfigurationPlatforms) = preSolution
		Debug|Any CPU = Debug|Any CPU
		Release|Any CPU = Release|Any CPU
	EndGlobalSection
	GlobalSection(ProjectConfigurationPlatforms) = postSolution
		{A9F96B1C-CDDE-4307-8E47-3F0E6DDCE48B}.Debug|Any CPU.ActiveCfg = Debug|Any CPU
		{A9F96B1C-CDDE-4307-8E47-3F0E6DDCE48B}.Debug|Any CPU.Build.0 = Debug|Any CPU
		{A9F96B1C-CDDE-4307-8E47-3F0E6DDCE48B}.Release|Any CPU.ActiveCfg = Release|Any CPU
		{A9F96B1C-CDDE-4307-8E47-3F0E6DDCE48B}.Release|Any CPU.Build.0 = Release|Any CPU
		{B5E45C35-BD93-4FB0-8495-B7B05EDE4D9D}.Debug|Any CPU.ActiveCfg = Debug|Any CPU
		{B5E45C35-BD93-4FB0-8495-B7B05EDE4D9D}.Debug|Any CPU.Build.0 = Debug|Any CPU
		{B5E45C35-BD93-4FB0-8495-B7B05EDE4D9D}.Release|Any CPU.ActiveCfg = Release|Any CPU
		{B5E45C35-BD93-4FB0-8495-B7B05EDE4D9D}.Release|Any CPU.Build.0 = Release|Any CPU
	EndGlobalSection
	GlobalSection(SolutionProperties) = preSolution
		HideSolutionNode = FALSE
	EndGlobalSection
EndGlobal
